{
  "name": "Biopeli",
  "version": "1.0.0",
  "lockfileVersion": 1,
  "requires": true,
  "dependencies": {
    "@orange-games/phaser-input": {
      "version": "2.0.5",
      "resolved": "https://registry.npmjs.org/@orange-games/phaser-input/-/phaser-input-2.0.5.tgz",
      "integrity": "sha1-jrLZh8j+3hhcgCQ5UpDFBvc2j8g="
    },
    "collections": {
      "version": "5.1.8",
      "resolved": "https://registry.npmjs.org/collections/-/collections-5.1.8.tgz",
      "integrity": "sha512-2Vvizv30fKnBlso7kVtZTsuZDVvA6JvLotsSnGKiAiIM4Z+EW1/9yRgXqJJ0WFzj36yZNTUsI+/Yu2Ogoo0H0w==",
      "requires": {
        "weak-map": "~1.0.x"
      }
    },
    "phaser-ce": {
      "version": "2.12.0",
      "resolved": "https://registry.npmjs.org/phaser-ce/-/phaser-ce-2.12.0.tgz",
      "integrity": "sha512-46AYgbOlascnjqTNMICw8qD6sNbAuS3A1G76YYElb9wguIt8eHb1OO+X0lF9kxj++SQEWm80zjryK9tDHcCNIQ=="
    },
    "phaser-kinetic-scrolling-plugin": {
      "version": "1.2.1",
      "resolved": "https://registry.npmjs.org/phaser-kinetic-scrolling-plugin/-/phaser-kinetic-scrolling-plugin-1.2.1.tgz",
      "integrity": "sha512-emC1C0t23wWJC5yCeNWF+XnHhMMPAtTN3inRFoM+lDa/8J1yn7bD/CdKCWKgBSIGL2xO4LAOgo8FqyE/wyrcsg==",
      "requires": {
        "phaser-ce": "^2.8.8"
      }
    },
    "weak-map": {
      "version": "1.0.5",
      "resolved": "https://registry.npmjs.org/weak-map/-/weak-map-1.0.5.tgz",
      "integrity": "sha1-eWkVhNmGB/UHC9O3CkDmuyLkAes="
    },
    "webfontloader": {
      "version": "1.6.28",
      "resolved": "https://registry.npmjs.org/webfontloader/-/webfontloader-1.6.28.tgz",
      "integrity": "sha1-23hhKSU8tujq5UwvsF+HCvZnW64="
    }
  }
}
